<?xml version="1.0" encoding="UTF-8"?>
<CONFIG>
  <ProjectOptions>
    <Version Value="9"/>
    <General>
      <Flags>
        <MainUnitHasCreateFormStatements Value="False"/>
      </Flags>
      <MainUnit Value="0"/>
      <Title Value="cfrota"/>
      <UseAppBundle Value="False"/>
      <ResourceType Value="res"/>
      <ActiveWindowIndexAtStart Value="0"/>
    </General>
    <i18n>
      <EnableI18N LFM="False"/>
    </i18n>
    <VersionInfo>
      <StringTable ProductVersion=""/>
    </VersionInfo>
    <BuildModes Count="1" Active="Default">
      <Item1 Name="Default" Default="True"/>
    </BuildModes>
    <PublishOptions>
      <Version Value="2"/>
    </PublishOptions>
    <RunParams>
      <local>
        <FormatVersion Value="1"/>
      </local>
    </RunParams>
    <RequiredPackages Count="3">
      <Item1>
        <PackageName Value="RUtilsPkg"/>
      </Item1>
      <Item2>
        <PackageName Value="dOpfRT"/>
      </Item2>
      <Item3>
        <PackageName Value="BrookRT"/>
      </Item3>
    </RequiredPackages>
    <Units Count="39">
      <Unit0>
        <Filename Value="cfrota.lpr"/>
        <IsPartOfProject Value="True"/>
        <UnitName Value="cfrota"/>
        <WindowIndex Value="0"/>
        <TopLine Value="1"/>
        <CursorPos X="13" Y="8"/>
        <UsageCount Value="79"/>
      </Unit0>
      <Unit1>
        <Filename Value="brokers.pas"/>
        <IsPartOfProject Value="True"/>
        <UnitName Value="Brokers"/>
        <WindowIndex Value="0"/>
        <TopLine Value="1"/>
        <CursorPos X="44" Y="15"/>
        <UsageCount Value="79"/>
      </Unit1>
      <Unit2>
        <Filename Value="model/funcionario.pas"/>
        <IsPartOfProject Value="True"/>
        <UnitName Value="Funcionario"/>
        <WindowIndex Value="0"/>
        <TopLine Value="31"/>
        <CursorPos X="45" Y="33"/>
        <ExtraEditorCount Value="1"/>
        <ExtraEditor1>
          <WindowIndex Value="0"/>
          <TopLine Value="1"/>
          <CursorPos X="1" Y="20"/>
        </ExtraEditor1>
        <UsageCount Value="79"/>
      </Unit2>
      <Unit3>
        <Filename Value="model/veiculo.pas"/>
        <IsPartOfProject Value="True"/>
        <UnitName Value="Veiculo"/>
        <WindowIndex Value="0"/>
        <TopLine Value="19"/>
        <CursorPos X="55" Y="24"/>
        <UsageCount Value="79"/>
      </Unit3>
      <Unit4>
        <Filename Value="model/manutencao.pas"/>
        <UnitName Value="Manutencao"/>
        <WindowIndex Value="0"/>
        <TopLine Value="8"/>
        <CursorPos X="44" Y="19"/>
        <UsageCount Value="69"/>
      </Unit4>
      <Unit5>
        <Filename Value="model/produto.pas"/>
        <IsPartOfProject Value="True"/>
        <UnitName Value="Produto"/>
        <WindowIndex Value="0"/>
        <TopLine Value="1"/>
        <CursorPos X="25" Y="16"/>
        <UsageCount Value="79"/>
      </Unit5>
      <Unit6>
        <Filename Value="dbutils.pas"/>
        <IsPartOfProject Value="True"/>
        <UnitName Value="dbutils"/>
        <WindowIndex Value="0"/>
        <TopLine Value="15"/>
        <CursorPos X="35" Y="28"/>
        <UsageCount Value="76"/>
      </Unit6>
      <Unit7>
        <Filename Value="raiz.pas"/>
        <IsPartOfProject Value="True"/>
        <UnitName Value="Raiz"/>
        <WindowIndex Value="0"/>
        <TopLine Value="11"/>
        <CursorPos X="33" Y="31"/>
        <UsageCount Value="76"/>
      </Unit7>
      <Unit8>
        <Filename Value="../../../../Aplicativos/Lazarus/Componentes/brook/dopf-master/core/dopf.pas"/>
        <UnitName Value="dOpf"/>
        <WindowIndex Value="0"/>
        <TopLine Value="1885"/>
        <CursorPos X="1" Y="1890"/>
        <UsageCount Value="6"/>
      </Unit8>
      <Unit9>
        <Filename Value="../../../../Aplicativos/Lazarus/Componentes/brook/brookframework-master/core/brookrouter.pas"/>
        <UnitName Value="BrookRouter"/>
        <WindowIndex Value="0"/>
        <TopLine Value="717"/>
        <CursorPos X="1" Y="727"/>
        <UsageCount Value="6"/>
      </Unit9>
      <Unit10>
        <Filename Value="../../../../../Aplicativos/Lazarus/Componentes/brook/brookframework-master/test/testbrookrouter.pas"/>
        <UnitName Value="testbrookrouter"/>
        <WindowIndex Value="0"/>
        <TopLine Value="210"/>
        <CursorPos X="66" Y="224"/>
        <UsageCount Value="6"/>
      </Unit10>
      <Unit11>
        <Filename Value="/usr/share/fpcsrc/2.6.4/packages/fcl-fpcunit/src/fpcunit.pp"/>
        <UnitName Value="fpcunit"/>
        <WindowIndex Value="0"/>
        <TopLine Value="483"/>
        <CursorPos X="3" Y="485"/>
        <UsageCount Value="6"/>
      </Unit11>
      <Unit12>
        <Filename Value="../../../../../Aplicativos/Lazarus/Componentes/brook/brookframework-master/core/brookaction.pas"/>
        <UnitName Value="BrookAction"/>
        <WindowIndex Value="0"/>
        <TopLine Value="381"/>
        <CursorPos X="1" Y="394"/>
        <UsageCount Value="8"/>
      </Unit12>
      <Unit13>
        <Filename Value="../../../../../Aplicativos/Lazarus/Componentes/brook/brookframework-master/core/brookrouter.pas"/>
        <UnitName Value="BrookRouter"/>
        <WindowIndex Value="0"/>
        <TopLine Value="413"/>
        <CursorPos X="87" Y="420"/>
        <UsageCount Value="8"/>
      </Unit13>
      <Unit14>
        <Filename Value="map/funcionariomap.pas"/>
        <IsPartOfProject Value="True"/>
        <UnitName Value="FuncionarioMap"/>
        <WindowIndex Value="0"/>
        <TopLine Value="40"/>
        <CursorPos X="26" Y="54"/>
        <UsageCount Value="65"/>
      </Unit14>
      <Unit15>
        <Filename Value="rest/funcionariorest.pas"/>
        <IsPartOfProject Value="True"/>
        <UnitName Value="FuncionarioRest"/>
        <WindowIndex Value="0"/>
        <TopLine Value="62"/>
        <CursorPos X="37" Y="118"/>
        <UsageCount Value="65"/>
      </Unit15>
      <Unit16>
        <Filename Value="model/oficina.pas"/>
        <IsPartOfProject Value="True"/>
        <UnitName Value="Oficina"/>
        <WindowIndex Value="0"/>
        <TopLine Value="14"/>
        <CursorPos X="1" Y="35"/>
        <UsageCount Value="63"/>
      </Unit16>
      <Unit17>
        <Filename Value="map/oficinamap.pas"/>
        <IsPartOfProject Value="True"/>
        <UnitName Value="OficinaMap"/>
        <WindowIndex Value="0"/>
        <TopLine Value="19"/>
        <CursorPos X="1" Y="40"/>
        <UsageCount Value="62"/>
      </Unit17>
      <Unit18>
        <Filename Value="rest/oficinarest.pas"/>
        <IsPartOfProject Value="True"/>
        <UnitName Value="OficinaRest"/>
        <WindowIndex Value="0"/>
        <TopLine Value="132"/>
        <CursorPos X="1" Y="153"/>
        <UsageCount Value="62"/>
      </Unit18>
      <Unit19>
        <Filename Value="../../../../../Aplicativos/Lazarus/Componentes/brook/dopf-master/brokers/dsqldbbroker.pas"/>
        <UnitName Value="dSQLdbBroker"/>
        <WindowIndex Value="0"/>
        <TopLine Value="153"/>
        <CursorPos X="11" Y="143"/>
        <UsageCount Value="8"/>
      </Unit19>
      <Unit20>
        <Filename Value="../../../../../Aplicativos/Lazarus/Componentes/brook/dopf-master/core/dopf.pas"/>
        <UnitName Value="dOpf"/>
        <WindowIndex Value="0"/>
        <TopLine Value="1978"/>
        <CursorPos X="1" Y="1990"/>
        <UsageCount Value="6"/>
      </Unit20>
      <Unit21>
        <Filename Value="../../../../../Aplicativos/Lazarus/Componentes/brook/brookframework-master/core/brookutils.pas"/>
        <UnitName Value="BrookUtils"/>
        <WindowIndex Value="0"/>
        <TopLine Value="64"/>
        <CursorPos X="5" Y="75"/>
        <UsageCount Value="6"/>
      </Unit21>
      <Unit22>
        <Filename Value="/usr/share/fpcsrc/2.6.4/rtl/objpas/sysutils/sysutilh.inc"/>
        <WindowIndex Value="0"/>
        <TopLine Value="27"/>
        <CursorPos X="4" Y="38"/>
        <UsageCount Value="6"/>
      </Unit22>
      <Unit23>
        <Filename Value="../../../../../Aplicativos/Lazarus/Componentes/brook/brookframework-master/core/brooklogger.pas"/>
        <UnitName Value="BrookLogger"/>
        <WindowIndex Value="0"/>
        <TopLine Value="119"/>
        <CursorPos X="1" Y="131"/>
        <UsageCount Value="6"/>
      </Unit23>
      <Unit24>
        <Filename Value="../../../../../Aplicativos/Lazarus/Componentes/brook/brookframework-master/test/testbrooklogger.pas"/>
        <UnitName Value="testbrooklogger"/>
        <WindowIndex Value="0"/>
        <TopLine Value="26"/>
        <CursorPos X="1" Y="184"/>
        <UsageCount Value="6"/>
      </Unit24>
      <Unit25>
        <Filename Value="/tmp/.fr-BKebsI/unit1.pas"/>
        <UnitName Value="unit1"/>
        <WindowIndex Value="0"/>
        <TopLine Value="53"/>
        <CursorPos X="24" Y="10"/>
        <UsageCount Value="6"/>
      </Unit25>
      <Unit26>
        <Filename Value="../../../../../Aplicativos/Lazarus/Componentes/brook/brookframework-master/brokers/brookfclhttpappbroker.pas"/>
        <UnitName Value="BrookFCLHttpAppBroker"/>
        <WindowIndex Value="0"/>
        <TopLine Value="147"/>
        <CursorPos X="1" Y="158"/>
        <UsageCount Value="8"/>
      </Unit26>
      <Unit27>
        <Filename Value="rest/restresponse.pas"/>
        <UnitName Value="RestResponse"/>
        <WindowIndex Value="0"/>
        <TopLine Value="1"/>
        <CursorPos X="18" Y="1"/>
        <UsageCount Value="18"/>
      </Unit27>
      <Unit28>
        <Filename Value="model/alocacao.pas"/>
        <IsPartOfProject Value="True"/>
        <UnitName Value="Alocacao"/>
        <WindowIndex Value="0"/>
        <TopLine Value="17"/>
        <CursorPos X="1" Y="38"/>
        <UsageCount Value="36"/>
      </Unit28>
      <Unit29>
        <Filename Value="map/veiculomap.pas"/>
        <IsPartOfProject Value="True"/>
        <UnitName Value="VeiculoMap"/>
        <WindowIndex Value="0"/>
        <TopLine Value="1"/>
        <CursorPos X="31" Y="8"/>
        <UsageCount Value="35"/>
      </Unit29>
      <Unit30>
        <Filename Value="rest/veiculorest.pas"/>
        <IsPartOfProject Value="True"/>
        <UnitName Value="VeiculoRest"/>
        <WindowIndex Value="0"/>
        <TopLine Value="57"/>
        <CursorPos X="34" Y="67"/>
        <UsageCount Value="35"/>
      </Unit30>
      <Unit31>
        <Filename Value="map/alocacaomap.pas"/>
        <IsPartOfProject Value="True"/>
        <UnitName Value="AlocacaoMap"/>
        <WindowIndex Value="0"/>
        <TopLine Value="19"/>
        <CursorPos X="37" Y="35"/>
        <UsageCount Value="32"/>
      </Unit31>
      <Unit32>
        <Filename Value="rest/alocacaorest.pas"/>
        <IsPartOfProject Value="True"/>
        <UnitName Value="AlocacaoRest"/>
        <WindowIndex Value="0"/>
        <TopLine Value="132"/>
        <CursorPos X="61" Y="144"/>
        <UsageCount Value="31"/>
      </Unit32>
      <Unit33>
        <Filename Value="model/manutencao.pas"/>
        <IsPartOfProject Value="True"/>
        <UnitName Value="Manutencao"/>
        <EditorIndex Value="0"/>
        <WindowIndex Value="0"/>
        <TopLine Value="32"/>
        <CursorPos X="1" Y="53"/>
        <UsageCount Value="30"/>
        <Loaded Value="True"/>
      </Unit33>
      <Unit34>
        <Filename Value="map/manutencaomap.pas"/>
        <IsPartOfProject Value="True"/>
        <UnitName Value="ManutencaoMap"/>
        <IsVisibleTab Value="True"/>
        <EditorIndex Value="1"/>
        <WindowIndex Value="0"/>
        <TopLine Value="39"/>
        <CursorPos X="56" Y="42"/>
        <UsageCount Value="29"/>
        <Loaded Value="True"/>
      </Unit34>
      <Unit35>
        <Filename Value="map/produtomap.pas"/>
        <IsPartOfProject Value="True"/>
        <UnitName Value="ProdutoMap"/>
        <WindowIndex Value="0"/>
        <TopLine Value="19"/>
        <CursorPos X="26" Y="6"/>
        <UsageCount Value="29"/>
      </Unit35>
      <Unit36>
        <Filename Value="../../../../../Aplicativos/Lazarus/Componentes/brook/dopf-master/core/dsqlbuilder.pas"/>
        <UnitName Value="dSqlBuilder"/>
        <WindowIndex Value="0"/>
        <TopLine Value="139"/>
        <CursorPos X="1" Y="150"/>
        <UsageCount Value="9"/>
      </Unit36>
      <Unit37>
        <Filename Value="rest/produtorest.pas"/>
        <IsPartOfProject Value="True"/>
        <UnitName Value="ProdutoRest"/>
        <WindowIndex Value="0"/>
        <TopLine Value="57"/>
        <CursorPos X="49" Y="62"/>
        <UsageCount Value="28"/>
      </Unit37>
      <Unit38>
        <Filename Value="rest/manutencaorest.pas"/>
        <IsPartOfProject Value="True"/>
        <UnitName Value="ManutencaoRest"/>
        <EditorIndex Value="2"/>
        <WindowIndex Value="0"/>
        <TopLine Value="124"/>
        <CursorPos X="34" Y="138"/>
        <UsageCount Value="25"/>
        <Loaded Value="True"/>
      </Unit38>
    </Units>
    <JumpHistory Count="14" HistoryIndex="13">
      <Position1>
        <Filename Value="map/manutencaomap.pas"/>
        <Caret Line="22" Column="20" TopLine="10"/>
      </Position1>
      <Position2>
        <Filename Value="map/manutencaomap.pas"/>
        <Caret Line="21" Column="35" TopLine="6"/>
      </Position2>
      <Position3>
        <Filename Value="map/manutencaomap.pas"/>
        <Caret Line="27" Column="16" TopLine="12"/>
      </Position3>
      <Position4>
        <Filename Value="map/manutencaomap.pas"/>
        <Caret Line="35" Column="3" TopLine="19"/>
      </Position4>
      <Position5>
        <Filename Value="map/manutencaomap.pas"/>
        <Caret Line="27" Column="17" TopLine="14"/>
      </Position5>
      <Position6>
        <Filename Value="rest/manutencaorest.pas"/>
        <Caret Line="121" Column="6" TopLine="1"/>
      </Position6>
      <Position7>
        <Filename Value="rest/manutencaorest.pas"/>
        <Caret Line="19" Column="62" TopLine="4"/>
      </Position7>
      <Position8>
        <Filename Value="rest/manutencaorest.pas"/>
        <Caret Line="51" Column="26" TopLine="40"/>
      </Position8>
      <Position9>
        <Filename Value="rest/manutencaorest.pas"/>
        <Caret Line="68" Column="43" TopLine="57"/>
      </Position9>
      <Position10>
        <Filename Value="rest/manutencaorest.pas"/>
        <Caret Line="143" Column="58" TopLine="123"/>
      </Position10>
      <Position11>
        <Filename Value="model/manutencao.pas"/>
        <Caret Line="14" Column="35" TopLine="1"/>
      </Position11>
      <Position12>
        <Filename Value="map/manutencaomap.pas"/>
        <Caret Line="19" Column="28" TopLine="41"/>
      </Position12>
      <Position13>
        <Filename Value="rest/manutencaorest.pas"/>
        <Caret Line="26" Column="57" TopLine="13"/>
      </Position13>
      <Position14>
        <Filename Value="map/manutencaomap.pas"/>
        <Caret Line="45" Column="47" TopLine="30"/>
      </Position14>
    </JumpHistory>
  </ProjectOptions>
  <CompilerOptions>
    <Version Value="11"/>
    <Target>
      <Filename Value="../ControlFrota.bin"/>
    </Target>
    <SearchPaths>
      <IncludeFiles Value="$(ProjOutDir)"/>
      <OtherUnitFiles Value="model;map;rest"/>
      <UnitOutputDirectory Value="lib/$(TargetCPU)-$(TargetOS)"/>
    </SearchPaths>
    <Linking>
      <Debugging>
        <DebugInfoType Value="dsDwarf2Set"/>
      </Debugging>
    </Linking>
    <Other>
      <CompilerMessages>
        <MsgFileName Value=""/>
      </CompilerMessages>
      <CompilerPath Value="$(CompPath)"/>
    </Other>
  </CompilerOptions>
  <Debugging>
    <Exceptions Count="3">
      <Item1>
        <Name Value="EAbort"/>
      </Item1>
      <Item2>
        <Name Value="ECodetoolError"/>
      </Item2>
      <Item3>
        <Name Value="EFOpenError"/>
      </Item3>
    </Exceptions>
  </Debugging>
  <EditorMacros Count="0"/>
</CONFIG>
